
Microsoft Visual Studio Solution File, Format Version 12.00
# Visual Studio Version 17
VisualStudioVersion = 17.5.33424.131
MinimumVisualStudioVersion = 10.0.40219.1
Project("{2150E333-8FDC-42A3-9474-1A3956D46DE8}") = "FrontEnd", "FrontEnd", "{10749905-ACC1-459F-A6BD-DF4E7B60A91A}"
EndProject
Project("{2150E333-8FDC-42A3-9474-1A3956D46DE8}") = "Gateway", "Gateway", "{B3F6BF6B-4CC5-4166-9F43-884C398BB1A2}"
EndProject
Project("{2150E333-8FDC-42A3-9474-1A3956D46DE8}") = "Integration", "Integration", "{A914877A-4FE4-483E-BF9F-50C6726DF647}"
EndProject
Project("{2150E333-8FDC-42A3-9474-1A3956D46DE8}") = "Services", "Services", "{6E7761B5-35E3-4B31-A77A-F3390197AFAD}"
EndProject
Project("{9A19103F-16F7-4668-BE54-9A1E7A4F7556}") = "Mango.Services.CouponAPI", "Mango.Services.CouponAPI\Mango.Services.CouponAPI.csproj", "{CE15D9AD-E8C6-40C1-9143-672872562023}"
EndProject
Project("{9A19103F-16F7-4668-BE54-9A1E7A4F7556}") = "Mango.Web", "Mango.Web\Mango.Web.csproj", "{A93F9004-FDD2-4F13-AF73-EC56AE8143B9}"
EndProject
Project("{9A19103F-16F7-4668-BE54-9A1E7A4F7556}") = "Mango.Services.AuthAPI", "Mango.Services.AuthAPI\Mango.Services.AuthAPI.csproj", "{AFC8CEB8-9D70-47A6-AFF0-A6E6EE7178AE}"
EndProject
Project("{9A19103F-16F7-4668-BE54-9A1E7A4F7556}") = "Mango.Services.ProductAPI", "Mango.Services.ProductAPI\Mango.Services.ProductAPI.csproj", "{2087C006-E08E-445E-94B6-92B1BBD49846}"
EndProject
Project("{9A19103F-16F7-4668-BE54-9A1E7A4F7556}") = "Mango.Services.ShoppingCartAPI", "Mango.Services.ShoppingCartAPI\Mango.Services.ShoppingCartAPI.csproj", "{87B07E45-EFDA-4FA7-BB09-A983FADD618D}"
EndProject
Project("{9A19103F-16F7-4668-BE54-9A1E7A4F7556}") = "Mango.MessageBus", "Mango.MessageBus\Mango.MessageBus.csproj", "{45431CAD-21D1-4A51-BA5E-697410E81866}"
EndProject
Project("{9A19103F-16F7-4668-BE54-9A1E7A4F7556}") = "Mango.Services.EmailAPI", "Mango.Services.EmailAPI\Mango.Services.EmailAPI.csproj", "{E1FABED4-7993-4D80-A856-DA4DEEFF6012}"
EndProject
Project("{9A19103F-16F7-4668-BE54-9A1E7A4F7556}") = "Mango.Services.OrderAPI", "Mango.Services.OrderAPI\Mango.Services.OrderAPI.csproj", "{667B985E-FDF9-40D8-9CBB-C5A38D613581}"
EndProject
Project("{FAE04EC0-301F-11D3-BF4B-00C04F79EFBC}") = "Mango.Services.RewardsAPI", "Mango.Services.RewardsAPI\Mango.Services.RewardsAPI.csproj", "{6B916A02-7710-490B-A95C-E80FD4C07F63}"
EndProject
Global
	GlobalSection(SolutionConfigurationPlatforms) = preSolution
		Debug|Any CPU = Debug|Any CPU
		Release|Any CPU = Release|Any CPU
	EndGlobalSection
	GlobalSection(ProjectConfigurationPlatforms) = postSolution
		{CE15D9AD-E8C6-40C1-9143-672872562023}.Debug|Any CPU.ActiveCfg = Debug|Any CPU
		{CE15D9AD-E8C6-40C1-9143-672872562023}.Debug|Any CPU.Build.0 = Debug|Any CPU
		{CE15D9AD-E8C6-40C1-9143-672872562023}.Release|Any CPU.ActiveCfg = Release|Any CPU
		{CE15D9AD-E8C6-40C1-9143-672872562023}.Release|Any CPU.Build.0 = Release|Any CPU
		{A93F9004-FDD2-4F13-AF73-EC56AE8143B9}.Debug|Any CPU.ActiveCfg = Debug|Any CPU
		{A93F9004-FDD2-4F13-AF73-EC56AE8143B9}.Debug|Any CPU.Build.0 = Debug|Any CPU
		{A93F9004-FDD2-4F13-AF73-EC56AE8143B9}.Release|Any CPU.ActiveCfg = Release|Any CPU
		{A93F9004-FDD2-4F13-AF73-EC56AE8143B9}.Release|Any CPU.Build.0 = Release|Any CPU
		{AFC8CEB8-9D70-47A6-AFF0-A6E6EE7178AE}.Debug|Any CPU.ActiveCfg = Debug|Any CPU
		{AFC8CEB8-9D70-47A6-AFF0-A6E6EE7178AE}.Debug|Any CPU.Build.0 = Debug|Any CPU
		{AFC8CEB8-9D70-47A6-AFF0-A6E6EE7178AE}.Release|Any CPU.ActiveCfg = Release|Any CPU
		{AFC8CEB8-9D70-47A6-AFF0-A6E6EE7178AE}.Release|Any CPU.Build.0 = Release|Any CPU
		{2087C006-E08E-445E-94B6-92B1BBD49846}.Debug|Any CPU.ActiveCfg = Debug|Any CPU
		{2087C006-E08E-445E-94B6-92B1BBD49846}.Debug|Any CPU.Build.0 = Debug|Any CPU
		{2087C006-E08E-445E-94B6-92B1BBD49846}.Release|Any CPU.ActiveCfg = Release|Any CPU
		{2087C006-E08E-445E-94B6-92B1BBD49846}.Release|Any CPU.Build.0 = Release|Any CPU
		{87B07E45-EFDA-4FA7-BB09-A983FADD618D}.Debug|Any CPU.ActiveCfg = Debug|Any CPU
		{87B07E45-EFDA-4FA7-BB09-A983FADD618D}.Debug|Any CPU.Build.0 = Debug|Any CPU
		{87B07E45-EFDA-4FA7-BB09-A983FADD618D}.Release|Any CPU.ActiveCfg = Release|Any CPU
		{87B07E45-EFDA-4FA7-BB09-A983FADD618D}.Release|Any CPU.Build.0 = Release|Any CPU
		{45431CAD-21D1-4A51-BA5E-697410E81866}.Debug|Any CPU.ActiveCfg = Debug|Any CPU
		{45431CAD-21D1-4A51-BA5E-697410E81866}.Debug|Any CPU.Build.0 = Debug|Any CPU
		{45431CAD-21D1-4A51-BA5E-697410E81866}.Release|Any CPU.ActiveCfg = Release|Any CPU
		{45431CAD-21D1-4A51-BA5E-697410E81866}.Release|Any CPU.Build.0 = Release|Any CPU
		{E1FABED4-7993-4D80-A856-DA4DEEFF6012}.Debug|Any CPU.ActiveCfg = Debug|Any CPU
		{E1FABED4-7993-4D80-A856-DA4DEEFF6012}.Debug|Any CPU.Build.0 = Debug|Any CPU
		{E1FABED4-7993-4D80-A856-DA4DEEFF6012}.Release|Any CPU.ActiveCfg = Release|Any CPU
		{E1FABED4-7993-4D80-A856-DA4DEEFF6012}.Release|Any CPU.Build.0 = Release|Any CPU
		{667B985E-FDF9-40D8-9CBB-C5A38D613581}.Debug|Any CPU.ActiveCfg = Debug|Any CPU
		{667B985E-FDF9-40D8-9CBB-C5A38D613581}.Debug|Any CPU.Build.0 = Debug|Any CPU
		{667B985E-FDF9-40D8-9CBB-C5A38D613581}.Release|Any CPU.ActiveCfg = Release|Any CPU
		{667B985E-FDF9-40D8-9CBB-C5A38D613581}.Release|Any CPU.Build.0 = Release|Any CPU
		{6B916A02-7710-490B-A95C-E80FD4C07F63}.Debug|Any CPU.ActiveCfg = Debug|Any CPU
		{6B916A02-7710-490B-A95C-E80FD4C07F63}.Debug|Any CPU.Build.0 = Debug|Any CPU
		{6B916A02-7710-490B-A95C-E80FD4C07F63}.Release|Any CPU.ActiveCfg = Release|Any CPU
		{6B916A02-7710-490B-A95C-E80FD4C07F63}.Release|Any CPU.Build.0 = Release|Any CPU
	EndGlobalSection
	GlobalSection(SolutionProperties) = preSolution
		HideSolutionNode = FALSE
	EndGlobalSection
	GlobalSection(NestedProjects) = preSolution
		{CE15D9AD-E8C6-40C1-9143-672872562023} = {6E7761B5-35E3-4B31-A77A-F3390197AFAD}
		{A93F9004-FDD2-4F13-AF73-EC56AE8143B9} = {10749905-ACC1-459F-A6BD-DF4E7B60A91A}
		{AFC8CEB8-9D70-47A6-AFF0-A6E6EE7178AE} = {6E7761B5-35E3-4B31-A77A-F3390197AFAD}
		{2087C006-E08E-445E-94B6-92B1BBD49846} = {6E7761B5-35E3-4B31-A77A-F3390197AFAD}
		{87B07E45-EFDA-4FA7-BB09-A983FADD618D} = {6E7761B5-35E3-4B31-A77A-F3390197AFAD}
		{45431CAD-21D1-4A51-BA5E-697410E81866} = {A914877A-4FE4-483E-BF9F-50C6726DF647}
		{E1FABED4-7993-4D80-A856-DA4DEEFF6012} = {6E7761B5-35E3-4B31-A77A-F3390197AFAD}
		{667B985E-FDF9-40D8-9CBB-C5A38D613581} = {6E7761B5-35E3-4B31-A77A-F3390197AFAD}
		{6B916A02-7710-490B-A95C-E80FD4C07F63} = {6E7761B5-35E3-4B31-A77A-F3390197AFAD}
	EndGlobalSection
	GlobalSection(ExtensibilityGlobals) = postSolution
		SolutionGuid = {6B09F76E-1FA3-4480-B730-CAFC1201CD6D}
	EndGlobalSection
EndGlobal
